
Microsoft Visual Studio Solution File, Format Version 12.00
# Visual Studio Version 17
VisualStudioVersion = 17.9.34902.65
MinimumVisualStudioVersion = 10.0.40219.1
Project("{FAE04EC0-301F-11D3-BF4B-00C04F79EFBC}") = "Calculadora", "Calculadora\Calculadora.csproj", "{0B9F6860-347A-4499-8C60-EEAB71C0219C}"
EndProject
Project("{FAE04EC0-301F-11D3-BF4B-00C04F79EFBC}") = "MediaAritmetica", "MediaAritmetica\MediaAritmetica.csproj", "{D02D1DF7-29DE-489C-8284-02ABD39F7B1C}"
EndProject
Project("{FAE04EC0-301F-11D3-BF4B-00C04F79EFBC}") = "MediaCombustivel", "MediaCombustivel\MediaCombustivel.csproj", "{56D0DB7F-BF7F-4F28-9B15-B5259E6FB5C4}"
EndProject
Project("{FAE04EC0-301F-11D3-BF4B-00C04F79EFBC}") = "NomeSobrenome", "NomeSobrenome\NomeSobrenome.csproj", "{6C454A5C-E45C-414C-AB27-47E8B81CE2F5}"
EndProject
Project("{FAE04EC0-301F-11D3-BF4B-00C04F79EFBC}") = "NumerosImpares", "NumerosImpares\NumerosImpares.csproj", "{51D1D92C-4AC3-4E86-8F50-7BFCE80DD6C1}"
EndProject
Global
	GlobalSection(SolutionConfigurationPlatforms) = preSolution
		Debug|Any CPU = Debug|Any CPU
		Release|Any CPU = Release|Any CPU
	EndGlobalSection
	GlobalSection(ProjectConfigurationPlatforms) = postSolution
		{0B9F6860-347A-4499-8C60-EEAB71C0219C}.Debug|Any CPU.ActiveCfg = Debug|Any CPU
		{0B9F6860-347A-4499-8C60-EEAB71C0219C}.Debug|Any CPU.Build.0 = Debug|Any CPU
		{0B9F6860-347A-4499-8C60-EEAB71C0219C}.Release|Any CPU.ActiveCfg = Release|Any CPU
		{0B9F6860-347A-4499-8C60-EEAB71C0219C}.Release|Any CPU.Build.0 = Release|Any CPU
		{D02D1DF7-29DE-489C-8284-02ABD39F7B1C}.Debug|Any CPU.ActiveCfg = Debug|Any CPU
		{D02D1DF7-29DE-489C-8284-02ABD39F7B1C}.Debug|Any CPU.Build.0 = Debug|Any CPU
		{D02D1DF7-29DE-489C-8284-02ABD39F7B1C}.Release|Any CPU.ActiveCfg = Release|Any CPU
		{D02D1DF7-29DE-489C-8284-02ABD39F7B1C}.Release|Any CPU.Build.0 = Release|Any CPU
		{56D0DB7F-BF7F-4F28-9B15-B5259E6FB5C4}.Debug|Any CPU.ActiveCfg = Debug|Any CPU
		{56D0DB7F-BF7F-4F28-9B15-B5259E6FB5C4}.Debug|Any CPU.Build.0 = Debug|Any CPU
		{56D0DB7F-BF7F-4F28-9B15-B5259E6FB5C4}.Release|Any CPU.ActiveCfg = Release|Any CPU
		{56D0DB7F-BF7F-4F28-9B15-B5259E6FB5C4}.Release|Any CPU.Build.0 = Release|Any CPU
		{6C454A5C-E45C-414C-AB27-47E8B81CE2F5}.Debug|Any CPU.ActiveCfg = Debug|Any CPU
		{6C454A5C-E45C-414C-AB27-47E8B81CE2F5}.Debug|Any CPU.Build.0 = Debug|Any CPU
		{6C454A5C-E45C-414C-AB27-47E8B81CE2F5}.Release|Any CPU.ActiveCfg = Release|Any CPU
		{6C454A5C-E45C-414C-AB27-47E8B81CE2F5}.Release|Any CPU.Build.0 = Release|Any CPU
		{51D1D92C-4AC3-4E86-8F50-7BFCE80DD6C1}.Debug|Any CPU.ActiveCfg = Debug|Any CPU
		{51D1D92C-4AC3-4E86-8F50-7BFCE80DD6C1}.Debug|Any CPU.Build.0 = Debug|Any CPU
		{51D1D92C-4AC3-4E86-8F50-7BFCE80DD6C1}.Release|Any CPU.ActiveCfg = Release|Any CPU
		{51D1D92C-4AC3-4E86-8F50-7BFCE80DD6C1}.Release|Any CPU.Build.0 = Release|Any CPU
	EndGlobalSection
	GlobalSection(SolutionProperties) = preSolution
		HideSolutionNode = FALSE
	EndGlobalSection
	GlobalSection(ExtensibilityGlobals) = postSolution
		SolutionGuid = {79B7696B-99BA-482E-9698-3A245C161036}
	EndGlobalSection
EndGlobal
