
Microsoft Visual Studio Solution File, Format Version 12.00
# Visual Studio Version 17
VisualStudioVersion = 17.9.34902.65
MinimumVisualStudioVersion = 10.0.40219.1
Project("{FAE04EC0-301F-11D3-BF4B-00C04F79EFBC}") = "Spotify", "Spotify\Spotify.csproj", "{873DB475-A616-4F2C-8744-6814F6AE61FF}"
EndProject
Global
	GlobalSection(SolutionConfigurationPlatforms) = preSolution
		Debug|Any CPU = Debug|Any CPU
		Release|Any CPU = Release|Any CPU
	EndGlobalSection
	GlobalSection(ProjectConfigurationPlatforms) = postSolution
		{873DB475-A616-4F2C-8744-6814F6AE61FF}.Debug|Any CPU.ActiveCfg = Debug|Any CPU
		{873DB475-A616-4F2C-8744-6814F6AE61FF}.Debug|Any CPU.Build.0 = Debug|Any CPU
		{873DB475-A616-4F2C-8744-6814F6AE61FF}.Release|Any CPU.ActiveCfg = Release|Any CPU
		{873DB475-A616-4F2C-8744-6814F6AE61FF}.Release|Any CPU.Build.0 = Release|Any CPU
	EndGlobalSection
	GlobalSection(SolutionProperties) = preSolution
		HideSolutionNode = FALSE
	EndGlobalSection
	GlobalSection(ExtensibilityGlobals) = postSolution
		SolutionGuid = {378304E5-4577-4299-A940-4932580388BD}
	EndGlobalSection
EndGlobal
